# This file is automatically @generated by Cargo.
# It is not intended for manual editing.
version = 4

[[package]]
name = "arrange_it"
version = "0.1.0"

[[package]]
name = "arrays"
version = "0.1.0"

[[package]]
name = "bigger"
version = "0.1.0"

[[package]]
name = "borrow"
version = "0.1.0"

[[package]]
name = "borrow_me_the_reference"
version = "0.1.0"

[[package]]
name = "capitalizing"
version = "0.1.0"

[[package]]
name = "card_deck"
version = "0.1.0"

[[package]]
name = "changes"
version = "0.1.0"

[[package]]
name = "check"
version = "0.1.0"
dependencies = [
 "arrange_it",
 "arrays",
 "bigger",
 "borrow",
 "borrow_me_the_reference",
 "capitalizing",
 "card_deck",
 "changes",
 "circle",
 "collect",
 "copy",
 "doubtful",
 "edit_distance",
 "hashing",
 "name_initials",
 "ownership",
 "simple_hash",
 "string_literals",
 "string_permutation",
 "strings",
 "tic_tac_toe",
 "to_url",
]

[[package]]
name = "circle"
version = "0.1.0"

[[package]]
name = "collect"
version = "0.1.0"

[[package]]
name = "copy"
version = "0.1.0"

[[package]]
name = "doubtful"
version = "0.1.0"

[[package]]
name = "edit_distance"
version = "0.1.0"

[[package]]
name = "hashing"
version = "0.1.0"

[[package]]
name = "name_initials"
version = "0.1.0"

[[package]]
name = "ownership"
version = "0.1.0"

[[package]]
name = "simple_hash"
version = "0.1.0"

[[package]]
name = "string_literals"
version = "0.1.0"

[[package]]
name = "string_permutation"
version = "0.1.0"

[[package]]
name = "strings"
version = "0.1.0"

[[package]]
name = "tic_tac_toe"
version = "0.1.0"

[[package]]
name = "to_url"
version = "0.1.0"
